
Microsoft Visual Studio Solution File, Format Version 12.00
# Visual Studio Version 17
VisualStudioVersion = 17.1.32414.318
MinimumVisualStudioVersion = 10.0.40219.1
Project("{FAE04EC0-301F-11D3-BF4B-00C04F79EFBC}") = "Template", "Template\Template.csproj", "{9528FBD8-BC28-4CF5-A2AA-4D81A35FCEC9}"
EndProject
Project("{2150E333-8FDC-42A3-9474-1A3956D46DE8}") = "1-Web", "1-Web", "{EA661DE0-6D12-4F71-A0A6-7C3CAECC6C7D}"
EndProject
Project("{2150E333-8FDC-42A3-9474-1A3956D46DE8}") = "2-Application", "2-Application", "{5DBFD49E-3AA2-41F1-AA3E-030B505C1B6B}"
EndProject
Project("{2150E333-8FDC-42A3-9474-1A3956D46DE8}") = "3-Domain", "3-Domain", "{F126A904-0617-4CB4-9BBB-5D19E28C07E0}"
EndProject
Project("{2150E333-8FDC-42A3-9474-1A3956D46DE8}") = "4-Infra", "4-Infra", "{5EE074D4-5B62-4ECA-A504-7FCDAAE1DBBC}"
EndProject
Project("{FAE04EC0-301F-11D3-BF4B-00C04F79EFBC}") = "Template.Application", "Template.Application\Template.Application.csproj", "{328E0396-342A-418A-90C9-87EDC9AA65A6}"
EndProject
Project("{FAE04EC0-301F-11D3-BF4B-00C04F79EFBC}") = "Template.Domain", "Template.Domain\Template.Domain.csproj", "{A37794EF-2FA4-420C-BCDE-FBE3997F0DDA}"
EndProject
Project("{FAE04EC0-301F-11D3-BF4B-00C04F79EFBC}") = "Template.Infra", "Template.Infra\Template.Infra.csproj", "{9C75896F-97D3-451A-805E-3A777EC9DC6F}"
EndProject
Project("{2150E333-8FDC-42A3-9474-1A3956D46DE8}") = "4.1-Data", "4.1-Data", "{E029FA5F-98E6-4923-94A8-C13964F627A5}"
EndProject
Project("{2150E333-8FDC-42A3-9474-1A3956D46DE8}") = "4.2-CrossCutting", "4.2-CrossCutting", "{E7DA3D70-4784-4C0D-A2CA-775158AD2BEE}"
EndProject
Global
	GlobalSection(SolutionConfigurationPlatforms) = preSolution
		Debug|Any CPU = Debug|Any CPU
		Release|Any CPU = Release|Any CPU
	EndGlobalSection
	GlobalSection(ProjectConfigurationPlatforms) = postSolution
		{9528FBD8-BC28-4CF5-A2AA-4D81A35FCEC9}.Debug|Any CPU.ActiveCfg = Debug|Any CPU
		{9528FBD8-BC28-4CF5-A2AA-4D81A35FCEC9}.Debug|Any CPU.Build.0 = Debug|Any CPU
		{9528FBD8-BC28-4CF5-A2AA-4D81A35FCEC9}.Release|Any CPU.ActiveCfg = Release|Any CPU
		{9528FBD8-BC28-4CF5-A2AA-4D81A35FCEC9}.Release|Any CPU.Build.0 = Release|Any CPU
		{328E0396-342A-418A-90C9-87EDC9AA65A6}.Debug|Any CPU.ActiveCfg = Debug|Any CPU
		{328E0396-342A-418A-90C9-87EDC9AA65A6}.Debug|Any CPU.Build.0 = Debug|Any CPU
		{328E0396-342A-418A-90C9-87EDC9AA65A6}.Release|Any CPU.ActiveCfg = Release|Any CPU
		{328E0396-342A-418A-90C9-87EDC9AA65A6}.Release|Any CPU.Build.0 = Release|Any CPU
		{A37794EF-2FA4-420C-BCDE-FBE3997F0DDA}.Debug|Any CPU.ActiveCfg = Debug|Any CPU
		{A37794EF-2FA4-420C-BCDE-FBE3997F0DDA}.Debug|Any CPU.Build.0 = Debug|Any CPU
		{A37794EF-2FA4-420C-BCDE-FBE3997F0DDA}.Release|Any CPU.ActiveCfg = Release|Any CPU
		{A37794EF-2FA4-420C-BCDE-FBE3997F0DDA}.Release|Any CPU.Build.0 = Release|Any CPU
		{9C75896F-97D3-451A-805E-3A777EC9DC6F}.Debug|Any CPU.ActiveCfg = Debug|Any CPU
		{9C75896F-97D3-451A-805E-3A777EC9DC6F}.Debug|Any CPU.Build.0 = Debug|Any CPU
		{9C75896F-97D3-451A-805E-3A777EC9DC6F}.Release|Any CPU.ActiveCfg = Release|Any CPU
		{9C75896F-97D3-451A-805E-3A777EC9DC6F}.Release|Any CPU.Build.0 = Release|Any CPU
	EndGlobalSection
	GlobalSection(SolutionProperties) = preSolution
		HideSolutionNode = FALSE
	EndGlobalSection
	GlobalSection(NestedProjects) = preSolution
		{9528FBD8-BC28-4CF5-A2AA-4D81A35FCEC9} = {EA661DE0-6D12-4F71-A0A6-7C3CAECC6C7D}
		{328E0396-342A-418A-90C9-87EDC9AA65A6} = {5DBFD49E-3AA2-41F1-AA3E-030B505C1B6B}
		{A37794EF-2FA4-420C-BCDE-FBE3997F0DDA} = {F126A904-0617-4CB4-9BBB-5D19E28C07E0}
		{9C75896F-97D3-451A-805E-3A777EC9DC6F} = {E029FA5F-98E6-4923-94A8-C13964F627A5}
		{E029FA5F-98E6-4923-94A8-C13964F627A5} = {5EE074D4-5B62-4ECA-A504-7FCDAAE1DBBC}
		{E7DA3D70-4784-4C0D-A2CA-775158AD2BEE} = {5EE074D4-5B62-4ECA-A504-7FCDAAE1DBBC}
	EndGlobalSection
	GlobalSection(ExtensibilityGlobals) = postSolution
		SolutionGuid = {2E5FDDDA-C2F1-44F9-A3EC-A4C03E0B21AE}
	EndGlobalSection
EndGlobal
